
Microsoft Visual Studio Solution File, Format Version 12.00
# Visual Studio Version 17
VisualStudioVersion = 17.11.35312.102
MinimumVisualStudioVersion = 10.0.40219.1
Project("{FAE04EC0-301F-11D3-BF4B-00C04F79EFBC}") = "TaskManagerCore", "TaskManagerCore\TaskManagerCore.csproj", "{20974ED2-E427-4952-8298-4FAF5E9D209E}"
EndProject
Global
	GlobalSection(SolutionConfigurationPlatforms) = preSolution
		Debug|Any CPU = Debug|Any CPU
		Release|Any CPU = Release|Any CPU
	EndGlobalSection
	GlobalSection(ProjectConfigurationPlatforms) = postSolution
		{20974ED2-E427-4952-8298-4FAF5E9D209E}.Debug|Any CPU.ActiveCfg = Debug|Any CPU
		{20974ED2-E427-4952-8298-4FAF5E9D209E}.Debug|Any CPU.Build.0 = Debug|Any CPU
		{20974ED2-E427-4952-8298-4FAF5E9D209E}.Release|Any CPU.ActiveCfg = Release|Any CPU
		{20974ED2-E427-4952-8298-4FAF5E9D209E}.Release|Any CPU.Build.0 = Release|Any CPU
	EndGlobalSection
	GlobalSection(SolutionProperties) = preSolution
		HideSolutionNode = FALSE
	EndGlobalSection
	GlobalSection(ExtensibilityGlobals) = postSolution
		SolutionGuid = {BC06010B-9D2E-49CD-A303-DE2FF87C0799}
	EndGlobalSection
EndGlobal
